schema: '2.0'
stages:
  data_ingestion:
    cmd: uv run src/churn_modelling/pipeline/stage_01_data_ingestion.py
    deps:
    - path: config/config.yaml
      hash: md5
      md5: 95c494c682c8ddbad9341913573693d8
      size: 819
    - path: src/churn_modelling/pipeline/stage_01_data_ingestion.py
      hash: md5
      md5: 37bc25538791564c536286c485a12bdc
      size: 450
    outs:
    - path: artifacts/data/ingestion
      hash: md5
      md5: 42e3697435376fb0633c84d7d719da31.dir
      size: 1385092
      nfiles: 3
  data_validation:
    cmd: uv run src/churn_modelling/pipeline/stage_02_data_validation.py
    deps:
    - path: artifacts/data/ingestion/ingested/test.csv
      hash: md5
      md5: bc94b6e09b42ad43e88dd8c807c965ca
      size: 228707
    - path: artifacts/data/ingestion/ingested/train.csv
      hash: md5
      md5: 0bb00498a822ad68cf6200a6e5b62931
      size: 463909
    - path: config/config.yaml
      hash: md5
      md5: 95c494c682c8ddbad9341913573693d8
      size: 819
    - path: src/churn_modelling/pipeline/stage_02_data_validation.py
      hash: md5
      md5: 5cdd42e67df9327779d1906406e79546
      size: 515
    outs:
    - path: artifacts/data/validation
      hash: md5
      md5: 609f7624571bb7815e7b4c566b89ca2f.dir
      size: 696788
      nfiles: 3
  data_transfomation:
    cmd: uv run src/churn_modelling/pipeline/stage_03_data_transformation.py
    deps:
    - path: artifacts/data/validation/report.json
      hash: md5
      md5: d509a9e44091ab587adb51ac97be0613
      size: 4172
    - path: artifacts/data/validation/valid/test.csv
      hash: md5
      md5: bc94b6e09b42ad43e88dd8c807c965ca
      size: 228707
    - path: artifacts/data/validation/valid/train.csv
      hash: md5
      md5: 0bb00498a822ad68cf6200a6e5b62931
      size: 463909
    - path: config/config.yaml
      hash: md5
      md5: 95c494c682c8ddbad9341913573693d8
      size: 819
    - path: src/churn_modelling/pipeline/stage_03_data_transformation.py
      hash: md5
      md5: 11a5f61b415ca6106622447b64ff8f9f
      size: 540
    outs:
    - path: artifacts/data/transformation
      hash: md5
      md5: a0aaa7b7fc518f68541d08c41f5ae3a1.dir
      size: 1660408
      nfiles: 4
  model_trainer:
    cmd: uv run src/churn_modelling/pipeline/stage_04_model_trainer.py
    deps:
    - path: artifacts/data/transformation/test.csv
      hash: md5
      md5: 4bc328f51be2fdf3342aed01616d5c25
      size: 394778
    - path: artifacts/data/transformation/train.csv
      hash: md5
      md5: 4a7d8f51ff253cbbda88b3d5ee6895f7
      size: 1262263
    - path: config/config.yaml
      hash: md5
      md5: 95c494c682c8ddbad9341913573693d8
      size: 819
    - path: src/churn_modelling/pipeline/stage_04_model_trainer.py
      hash: md5
      md5: 6b2a065de207c5a8f26252a22180b3bf
      size: 506
    outs:
    - path: artifacts/model/train
      hash: md5
      md5: f57d6c4255b32d000ee7bb5d03537859.dir
      size: 29003
      nfiles: 3
